
Microsoft Visual Studio Solution File, Format Version 12.00
# Visual Studio Version 17
VisualStudioVersion = 17.0.31808.319
MinimumVisualStudioVersion = 10.0.40219.1
Project("{8BC9CEB8-8B4A-11D0-8D11-00A0C91BC942}") = "UnityModLoader.Injection", "UnityModLoader.Injection\UnityModLoader.Injection.vcxproj", "{480F610D-8C6E-463F-BB38-2F468A6F57A5}"
EndProject
Project("{FAE04EC0-301F-11D3-BF4B-00C04F79EFBC}") = "UnityModLoader.Library", "UnityModLoader.Library\UnityModLoader.Library.csproj", "{3EEF181D-13F4-4D30-8226-210F55A7D03F}"
EndProject
Project("{FAE04EC0-301F-11D3-BF4B-00C04F79EFBC}") = "ModSample.AutoLoader", "ModSample.AutoLoader\ModSample.AutoLoader.csproj", "{2F38519C-1F0F-4DD4-88D5-99CF6EF2FBD8}"
EndProject
Project("{FAE04EC0-301F-11D3-BF4B-00C04F79EFBC}") = "UnityModLoader.Manager", "UnityModLoader.Manager\UnityModLoader.Manager.csproj", "{FF6F73C0-7937-479E-AE05-232E3FFFAD19}"
EndProject
Global
	GlobalSection(SolutionConfigurationPlatforms) = preSolution
		Debug|Any CPU = Debug|Any CPU
		Debug|x64 = Debug|x64
		Debug|x86 = Debug|x86
		Release|Any CPU = Release|Any CPU
		Release|x64 = Release|x64
		Release|x86 = Release|x86
	EndGlobalSection
	GlobalSection(ProjectConfigurationPlatforms) = postSolution
		{480F610D-8C6E-463F-BB38-2F468A6F57A5}.Debug|Any CPU.ActiveCfg = Debug|x64
		{480F610D-8C6E-463F-BB38-2F468A6F57A5}.Debug|Any CPU.Build.0 = Debug|x64
		{480F610D-8C6E-463F-BB38-2F468A6F57A5}.Debug|x64.ActiveCfg = Debug|x64
		{480F610D-8C6E-463F-BB38-2F468A6F57A5}.Debug|x64.Build.0 = Debug|x64
		{480F610D-8C6E-463F-BB38-2F468A6F57A5}.Debug|x86.ActiveCfg = Debug|Win32
		{480F610D-8C6E-463F-BB38-2F468A6F57A5}.Debug|x86.Build.0 = Debug|Win32
		{480F610D-8C6E-463F-BB38-2F468A6F57A5}.Release|Any CPU.ActiveCfg = Release|x64
		{480F610D-8C6E-463F-BB38-2F468A6F57A5}.Release|Any CPU.Build.0 = Release|x64
		{480F610D-8C6E-463F-BB38-2F468A6F57A5}.Release|x64.ActiveCfg = Release|x64
		{480F610D-8C6E-463F-BB38-2F468A6F57A5}.Release|x64.Build.0 = Release|x64
		{480F610D-8C6E-463F-BB38-2F468A6F57A5}.Release|x86.ActiveCfg = Release|Win32
		{480F610D-8C6E-463F-BB38-2F468A6F57A5}.Release|x86.Build.0 = Release|Win32
		{3EEF181D-13F4-4D30-8226-210F55A7D03F}.Debug|Any CPU.ActiveCfg = Debug|Any CPU
		{3EEF181D-13F4-4D30-8226-210F55A7D03F}.Debug|Any CPU.Build.0 = Debug|Any CPU
		{3EEF181D-13F4-4D30-8226-210F55A7D03F}.Debug|x64.ActiveCfg = Debug|Any CPU
		{3EEF181D-13F4-4D30-8226-210F55A7D03F}.Debug|x64.Build.0 = Debug|Any CPU
		{3EEF181D-13F4-4D30-8226-210F55A7D03F}.Debug|x86.ActiveCfg = Debug|Any CPU
		{3EEF181D-13F4-4D30-8226-210F55A7D03F}.Debug|x86.Build.0 = Debug|Any CPU
		{3EEF181D-13F4-4D30-8226-210F55A7D03F}.Release|Any CPU.ActiveCfg = Release|Any CPU
		{3EEF181D-13F4-4D30-8226-210F55A7D03F}.Release|Any CPU.Build.0 = Release|Any CPU
		{3EEF181D-13F4-4D30-8226-210F55A7D03F}.Release|x64.ActiveCfg = Release|Any CPU
		{3EEF181D-13F4-4D30-8226-210F55A7D03F}.Release|x64.Build.0 = Release|Any CPU
		{3EEF181D-13F4-4D30-8226-210F55A7D03F}.Release|x86.ActiveCfg = Release|Any CPU
		{3EEF181D-13F4-4D30-8226-210F55A7D03F}.Release|x86.Build.0 = Release|Any CPU
		{2F38519C-1F0F-4DD4-88D5-99CF6EF2FBD8}.Debug|Any CPU.ActiveCfg = Debug|Any CPU
		{2F38519C-1F0F-4DD4-88D5-99CF6EF2FBD8}.Debug|Any CPU.Build.0 = Debug|Any CPU
		{2F38519C-1F0F-4DD4-88D5-99CF6EF2FBD8}.Debug|x64.ActiveCfg = Debug|Any CPU
		{2F38519C-1F0F-4DD4-88D5-99CF6EF2FBD8}.Debug|x64.Build.0 = Debug|Any CPU
		{2F38519C-1F0F-4DD4-88D5-99CF6EF2FBD8}.Debug|x86.ActiveCfg = Debug|Any CPU
		{2F38519C-1F0F-4DD4-88D5-99CF6EF2FBD8}.Debug|x86.Build.0 = Debug|Any CPU
		{2F38519C-1F0F-4DD4-88D5-99CF6EF2FBD8}.Release|Any CPU.ActiveCfg = Release|Any CPU
		{2F38519C-1F0F-4DD4-88D5-99CF6EF2FBD8}.Release|Any CPU.Build.0 = Release|Any CPU
		{2F38519C-1F0F-4DD4-88D5-99CF6EF2FBD8}.Release|x64.ActiveCfg = Release|Any CPU
		{2F38519C-1F0F-4DD4-88D5-99CF6EF2FBD8}.Release|x64.Build.0 = Release|Any CPU
		{2F38519C-1F0F-4DD4-88D5-99CF6EF2FBD8}.Release|x86.ActiveCfg = Release|Any CPU
		{2F38519C-1F0F-4DD4-88D5-99CF6EF2FBD8}.Release|x86.Build.0 = Release|Any CPU
		{FF6F73C0-7937-479E-AE05-232E3FFFAD19}.Debug|Any CPU.ActiveCfg = Debug|Any CPU
		{FF6F73C0-7937-479E-AE05-232E3FFFAD19}.Debug|Any CPU.Build.0 = Debug|Any CPU
		{FF6F73C0-7937-479E-AE05-232E3FFFAD19}.Debug|x64.ActiveCfg = Debug|Any CPU
		{FF6F73C0-7937-479E-AE05-232E3FFFAD19}.Debug|x64.Build.0 = Debug|Any CPU
		{FF6F73C0-7937-479E-AE05-232E3FFFAD19}.Debug|x86.ActiveCfg = Debug|Any CPU
		{FF6F73C0-7937-479E-AE05-232E3FFFAD19}.Debug|x86.Build.0 = Debug|Any CPU
		{FF6F73C0-7937-479E-AE05-232E3FFFAD19}.Release|Any CPU.ActiveCfg = Release|Any CPU
		{FF6F73C0-7937-479E-AE05-232E3FFFAD19}.Release|Any CPU.Build.0 = Release|Any CPU
		{FF6F73C0-7937-479E-AE05-232E3FFFAD19}.Release|x64.ActiveCfg = Release|Any CPU
		{FF6F73C0-7937-479E-AE05-232E3FFFAD19}.Release|x64.Build.0 = Release|Any CPU
		{FF6F73C0-7937-479E-AE05-232E3FFFAD19}.Release|x86.ActiveCfg = Release|Any CPU
		{FF6F73C0-7937-479E-AE05-232E3FFFAD19}.Release|x86.Build.0 = Release|Any CPU
	EndGlobalSection
	GlobalSection(SolutionProperties) = preSolution
		HideSolutionNode = FALSE
	EndGlobalSection
	GlobalSection(ExtensibilityGlobals) = postSolution
		SolutionGuid = {E5F21F22-FDEB-4203-A4E2-FC32587FAD9E}
	EndGlobalSection
EndGlobal
